// !$*UTF8*$!
{
	archiveVersion = 1;
	classes = {
	};
	objectVersion = 46;
	objects = {

/* Begin PBXBuildFile section */
		CAC68DFB4F4237194F3A66B4 /* Pods_SimpleInstagram.framework in Frameworks */ = {isa = PBXBuildFile; fileRef = 5D73D2B77520533D2C34E071 /* Pods_SimpleInstagram.framework */; };
		D03477801C5A2013007C02B4 /* InfiniteScrollActivityView.swift in Sources */ = {isa = PBXBuildFile; fileRef = D034777F1C5A2013007C02B4 /* InfiniteScrollActivityView.swift */; };
		D09A50AA1C506566001BF17C /* AppDelegate.swift in Sources */ = {isa = PBXBuildFile; fileRef = D09A50A91C506566001BF17C /* AppDelegate.swift */; };
		D09A50AC1C506566001BF17C /* PhotosViewController.swift in Sources */ = {isa = PBXBuildFile; fileRef = D09A50AB1C506566001BF17C /* PhotosViewController.swift */; };
		D09A50AF1C506566001BF17C /* Main.storyboard in Resources */ = {isa = PBXBuildFile; fileRef = D09A50AD1C506566001BF17C /* Main.storyboard */; };
		D09A50B11C506566001BF17C /* Assets.xcassets in Resources */ = {isa = PBXBuildFile; fileRef = D09A50B01C506566001BF17C /* Assets.xcassets */; };
		D09A50B41C506566001BF17C /* LaunchScreen.storyboard in Resources */ = {isa = PBXBuildFile; fileRef = D09A50B21C506566001BF17C /* LaunchScreen.storyboard */; };
		D0B7A24E1C50C69800F54961 /* MediaCell.swift in Sources */ = {isa = PBXBuildFile; fileRef = D0B7A24D1C50C69800F54961 /* MediaCell.swift */; };
		D0E6157A1C5A1366005ACB91 /* PhotoDetailsViewController.swift in Sources */ = {isa = PBXBuildFile; fileRef = D0E615791C5A1366005ACB91 /* PhotoDetailsViewController.swift */; };
/* End PBXBuildFile section */

/* Begin PBXFileReference section */
		5D73D2B77520533D2C34E071 /* Pods_SimpleInstagram.framework */ = {isa = PBXFileReference; explicitFileType = wrapper.framework; includeInIndex = 0; path = Pods_SimpleInstagram.framework; sourceTree = BUILT_PRODUCTS_DIR; };
		747223A53186ACC064D485F7 /* Pods-SimpleInstagram.release.xcconfig */ = {isa = PBXFileReference; includeInIndex = 1; lastKnownFileType = text.xcconfig; name = "Pods-SimpleInstagram.release.xcconfig"; path = "Pods/Target Support Files/Pods-SimpleInstagram/Pods-SimpleInstagram.release.xcconfig"; sourceTree = "<group>"; };
		A8004663C96B60917B909E18 /* Pods-SimpleInstagram.debug.xcconfig */ = {isa = PBXFileReference; includeInIndex = 1; lastKnownFileType = text.xcconfig; name = "Pods-SimpleInstagram.debug.xcconfig"; path = "Pods/Target Support Files/Pods-SimpleInstagram/Pods-SimpleInstagram.debug.xcconfig"; sourceTree = "<group>"; };
		D034777F1C5A2013007C02B4 /* InfiniteScrollActivityView.swift */ = {isa = PBXFileReference; fileEncoding = 4; lastKnownFileType = sourcecode.swift; path = InfiniteScrollActivityView.swift; sourceTree = "<group>"; };
		D09A50A61C506566001BF17C /* SimpleInstagram.app */ = {isa = PBXFileReference; explicitFileType = wrapper.application; includeInIndex = 0; path = SimpleInstagram.app; sourceTree = BUILT_PRODUCTS_DIR; };
		D09A50A91C506566001BF17C /* AppDelegate.swift */ = {isa = PBXFileReference; lastKnownFileType = sourcecode.swift; path = AppDelegate.swift; sourceTree = "<group>"; };
		D09A50AB1C506566001BF17C /* PhotosViewController.swift */ = {isa = PBXFileReference; lastKnownFileType = sourcecode.swift; path = PhotosViewController.swift; sourceTree = "<group>"; };
		D09A50AE1C506566001BF17C /* Base */ = {isa = PBXFileReference; lastKnownFileType = file.storyboard; name = Base; path = Base.lproj/Main.storyboard; sourceTree = "<group>"; };
		D09A50B01C506566001BF17C /* Assets.xcassets */ = {isa = PBXFileReference; lastKnownFileType = folder.assetcatalog; path = Assets.xcassets; sourceTree = "<group>"; };
		D09A50B31C506566001BF17C /* Base */ = {isa = PBXFileReference; lastKnownFileType = file.storyboard; name = Base; path = Base.lproj/LaunchScreen.storyboard; sourceTree = "<group>"; };
		D09A50B51C506566001BF17C /* Info.plist */ = {isa = PBXFileReference; lastKnownFileType = text.plist.xml; path = Info.plist; sourceTree = "<group>"; };
		D0B7A24D1C50C69800F54961 /* MediaCell.swift */ = {isa = PBXFileReference; fileEncoding = 4; lastKnownFileType = sourcecode.swift; path = MediaCell.swift; sourceTree = "<group>"; };
		D0E615791C5A1366005ACB91 /* PhotoDetailsViewController.swift */ = {isa = PBXFileReference; fileEncoding = 4; lastKnownFileType = sourcecode.swift; path = PhotoDetailsViewController.swift; sourceTree = "<group>"; };
/* End PBXFileReference section */

/* Begin PBXFrameworksBuildPhase section */
		D09A50A31C506566001BF17C /* Frameworks */ = {
			isa = PBXFrameworksBuildPhase;
			buildActionMask = 2147483647;
			files = (
				CAC68DFB4F4237194F3A66B4 /* Pods_SimpleInstagram.framework in Frameworks */,
			);
			runOnlyForDeploymentPostprocessing = 0;
		};
/* End PBXFrameworksBuildPhase section */

/* Begin PBXGroup section */
		564CBE054B2132F3F3886FA8 /* Frameworks */ = {
			isa = PBXGroup;
			children = (
				5D73D2B77520533D2C34E071 /* Pods_SimpleInstagram.framework */,
			);
			name = Frameworks;
			sourceTree = "<group>";
		};
		BCFE74D21AA68AF4F4FB4F2F /* Pods */ = {
			isa = PBXGroup;
			children = (
				A8004663C96B60917B909E18 /* Pods-SimpleInstagram.debug.xcconfig */,
				747223A53186ACC064D485F7 /* Pods-SimpleInstagram.release.xcconfig */,
			);
			name = Pods;
			sourceTree = "<group>";
		};
		D09A509D1C506566001BF17C = {
			isa = PBXGroup;
			children = (
				D09A50A81C506566001BF17C /* SimpleInstagram */,
				D09A50A71C506566001BF17C /* Products */,
				BCFE74D21AA68AF4F4FB4F2F /* Pods */,
				564CBE054B2132F3F3886FA8 /* Frameworks */,
			);
			sourceTree = "<group>";
		};
		D09A50A71C506566001BF17C /* Products */ = {
			isa = PBXGroup;
			children = (
				D09A50A61C506566001BF17C /* SimpleInstagram.app */,
			);
			name = Products;
			sourceTree = "<group>";
		};
		D09A50A81C506566001BF17C /* SimpleInstagram */ = {
			isa = PBXGroup;
			children = (
				D0E6157B1C5A137E005ACB91 /* Views */,
				D09A50A91C506566001BF17C /* AppDelegate.swift */,
				D09A50AD1C506566001BF17C /* Main.storyboard */,
				D09A50B01C506566001BF17C /* Assets.xcassets */,
				D09A50B21C506566001BF17C /* LaunchScreen.storyboard */,
				D09A50B51C506566001BF17C /* Info.plist */,
				D0B7A24D1C50C69800F54961 /* MediaCell.swift */,
			);
			path = SimpleInstagram;
			sourceTree = "<group>";
		};
		D0E6157B1C5A137E005ACB91 /* Views */ = {
			isa = PBXGroup;
			children = (
				D09A50AB1C506566001BF17C /* PhotosViewController.swift */,
				D0E615791C5A1366005ACB91 /* PhotoDetailsViewController.swift */,
				D034777F1C5A2013007C02B4 /* InfiniteScrollActivityView.swift */,
			);
			name = Views;
			sourceTree = "<group>";
		};
/* End PBXGroup section */

/* Begin PBXNativeTarget section */
		D09A50A51C506566001BF17C /* SimpleInstagram */ = {
			isa = PBXNativeTarget;
			buildConfigurationList = D09A50B81C506566001BF17C /* Build configuration list for PBXNativeTarget "SimpleInstagram" */;
			buildPhases = (
				3511544A2C75B877F42CE9F3 /* Check Pods Manifest.lock */,
				D09A50A21C506566001BF17C /* Sources */,
				D09A50A31C506566001BF17C /* Frameworks */,
				D09A50A41C506566001BF17C /* Resources */,
				6FD7C364911303A1C2A57821 /* Embed Pods Frameworks */,
				D05CAD53F4789074B7ABDF4F /* Copy Pods Resources */,
			);
			buildRules = (
			);
			dependencies = (
			);
			name = SimpleInstagram;
			productName = SimpleInstagram;
			productReference = D09A50A61C506566001BF17C /* SimpleInstagram.app */;
			productType = "com.apple.product-type.application";
		};
/* End PBXNativeTarget section */

/* Begin PBXProject section */
		D09A509E1C506566001BF17C /* Project object */ = {
			isa = PBXProject;
			attributes = {
				LastSwiftUpdateCheck = 0710;
				LastUpgradeCheck = 0710;
				ORGANIZATIONNAME = Sarn;
				TargetAttributes = {
					D09A50A51C506566001BF17C = {
						CreatedOnToolsVersion = 7.1.1;
						DevelopmentTeam = D2PLL9RKF8;
					};
				};
			};
			buildConfigurationList = D09A50A11C506566001BF17C /* Build configuration list for PBXProject "SimpleInstagram" */;
			compatibilityVersion = "Xcode 3.2";
			developmentRegion = English;
			hasScannedForEncodings = 0;
			knownRegions = (
				en,
				Base,
			);
			mainGroup = D09A509D1C506566001BF17C;
			productRefGroup = D09A50A71C506566001BF17C /* Products */;
			projectDirPath = "";
			projectRoot = "";
			targets = (
				D09A50A51C506566001BF17C /* SimpleInstagram */,
			);
		};
/* End PBXProject section */

/* Begin PBXResourcesBuildPhase section */
		D09A50A41C506566001BF17C /* Resources */ = {
			isa = PBXResourcesBuildPhase;
			buildActionMask = 2147483647;
			files = (
				D09A50B41C506566001BF17C /* LaunchScreen.storyboard in Resources */,
				D09A50B11C506566001BF17C /* Assets.xcassets in Resources */,
				D09A50AF1C506566001BF17C /* Main.storyboard in Resources */,
			);
			runOnlyForDeploymentPostprocessing = 0;
		};
/* End PBXResourcesBuildPhase section */

/* Begin PBXShellScriptBuildPhase section */
		3511544A2C75B877F42CE9F3 /* Check Pods Manifest.lock */ = {
			isa = PBXShellScriptBuildPhase;
			buildActionMask = 2147483647;
			files = (
			);
			inputPaths = (
			);
			name = "Check Pods Manifest.lock";
			outputPaths = (
			);
			runOnlyForDeploymentPostprocessing = 0;
			shellPath = /bin/sh;
			shellScript = "diff \"${PODS_ROOT}/../Podfile.lock\" \"${PODS_ROOT}/Manifest.lock\" > /dev/null\nif [[ $? != 0 ]] ; then\n    cat << EOM\nerror: The sandbox is not in sync with the Podfile.lock. Run 'pod install' or update your CocoaPods installation.\nEOM\n    exit 1\nfi\n";
			showEnvVarsInLog = 0;
		};
		6FD7C364911303A1C2A57821 /* Embed Pods Frameworks */ = {
			isa = PBXShellScriptBuildPhase;
			buildActionMask = 2147483647;
			files = (
			);
			inputPaths = (
			);
			name = "Embed Pods Frameworks";
			outputPaths = (
			);
			runOnlyForDeploymentPostprocessing = 0;
			shellPath = /bin/sh;
			shellScript = "\"${SRCROOT}/Pods/Target Support Files/Pods-SimpleInstagram/Pods-SimpleInstagram-frameworks.sh\"\n";
			showEnvVarsInLog = 0;
		};
		D05CAD53F4789074B7ABDF4F /* Copy Pods Resources */ = {
			isa = PBXShellScriptBuildPhase;
			buildActionMask = 2147483647;
			files = (
			);
			inputPaths = (
			);
			name = "Copy Pods Resources";
			outputPaths = (
			);
			runOnlyForDeploymentPostprocessing = 0;
			shellPath = /bin/sh;
			shellScript = "\"${SRCROOT}/Pods/Target Support Files/Pods-SimpleInstagram/Pods-SimpleInstagram-resources.sh\"\n";
			showEnvVarsInLog = 0;
		};
/* End PBXShellScriptBuildPhase section */

/* Begin PBXSourcesBuildPhase section */
		D09A50A21C506566001BF17C /* Sources */ = {
			isa = PBXSourcesBuildPhase;
			buildActionMask = 2147483647;
			files = (
				D03477801C5A2013007C02B4 /* InfiniteScrollActivityView.swift in Sources */,
				D0E6157A1C5A1366005ACB91 /* PhotoDetailsViewController.swift in Sources */,
				D09A50AC1C506566001BF17C /* PhotosViewController.swift in Sources */,
				D0B7A24E1C50C69800F54961 /* MediaCell.swift in Sources */,
				D09A50AA1C506566001BF17C /* AppDelegate.swift in Sources */,
			);
			runOnlyForDeploymentPostprocessing = 0;
		};
/* End PBXSourcesBuildPhase section */

/* Begin PBXVariantGroup section */
		D09A50AD1C506566001BF17C /* Main.storyboard */ = {
			isa = PBXVariantGroup;
			children = (
				D09A50AE1C506566001BF17C /* Base */,
			);
			name = Main.storyboard;
			sourceTree = "<group>";
		};
		D09A50B21C506566001BF17C /* LaunchScreen.storyboard */ = {
			isa = PBXVariantGroup;
			children = (
				D09A50B31C506566001BF17C /* Base */,
			);
			name = LaunchScreen.storyboard;
			sourceTree = "<group>";
		};
/* End PBXVariantGroup section */

/* Begin XCBuildConfiguration section */
		D09A50B61C506566001BF17C /* Debug */ = {
			isa = XCBuildConfiguration;
			buildSettings = {
				ALWAYS_SEARCH_USER_PATHS = NO;
				CLANG_CXX_LANGUAGE_STANDARD = "gnu++0x";
				CLANG_CXX_LIBRARY = "libc++";
				CLANG_ENABLE_MODULES = YES;
				CLANG_ENABLE_OBJC_ARC = YES;
				CLANG_WARN_BOOL_CONVERSION = YES;
				CLANG_WARN_CONSTANT_CONVERSION = YES;
				CLANG_WARN_DIRECT_OBJC_ISA_USAGE = YES_ERROR;
				CLANG_WARN_EMPTY_BODY = YES;
				CLANG_WARN_ENUM_CONVERSION = YES;
				CLANG_WARN_INT_CONVERSION = YES;
				CLANG_WARN_OBJC_ROOT_CLASS = YES_ERROR;
				CLANG_WARN_UNREACHABLE_CODE = YES;
				CLANG_WARN__DUPLICATE_METHOD_MATCH = YES;
				"CODE_SIGN_IDENTITY[sdk=iphoneos*]" = "iPhone Developer";
				COPY_PHASE_STRIP = NO;
				DEBUG_INFORMATION_FORMAT = dwarf;
				ENABLE_STRICT_OBJC_MSGSEND = YES;
				ENABLE_TESTABILITY = YES;
				GCC_C_LANGUAGE_STANDARD = gnu99;
				GCC_DYNAMIC_NO_PIC = NO;
				GCC_NO_COMMON_BLOCKS = YES;
				GCC_OPTIMIZATION_LEVEL = 0;
				GCC_PREPROCESSOR_DEFINITIONS = (
					"DEBUG=1",
					"$(inherited)",
				);
				GCC_WARN_64_TO_32_BIT_CONVERSION = YES;
				GCC_WARN_ABOUT_RETURN_TYPE = YES_ERROR;
				GCC_WARN_UNDECLARED_SELECTOR = YES;
				GCC_WARN_UNINITIALIZED_AUTOS = YES_AGGRESSIVE;
				GCC_WARN_UNUSED_FUNCTION = YES;
				GCC_WARN_UNUSED_VARIABLE = YES;
				IPHONEOS_DEPLOYMENT_TARGET = 9.1;
				MTL_ENABLE_DEBUG_INFO = YES;
				ONLY_ACTIVE_ARCH = YES;
				SDKROOT = iphoneos;
				SWIFT_OPTIMIZATION_LEVEL = "-Onone";
			};
			name = Debug;
		};
		D09A50B71C506566001BF17C /* Release */ = {
			isa = XCBuildConfiguration;
			buildSettings = {
				ALWAYS_SEARCH_USER_PATHS = NO;
				CLANG_CXX_LANGUAGE_STANDARD = "gnu++0x";
				CLANG_CXX_LIBRARY = "libc++";
				CLANG_ENABLE_MODULES = YES;
				CLANG_ENABLE_OBJC_ARC = YES;
				CLANG_WARN_BOOL_CONVERSION = YES;
				CLANG_WARN_CONSTANT_CONVERSION = YES;
				CLANG_WARN_DIRECT_OBJC_ISA_USAGE = YES_ERROR;
				CLANG_WARN_EMPTY_BODY = YES;
				CLANG_WARN_ENUM_CONVERSION = YES;
				CLANG_WARN_INT_CONVERSION = YES;
				CLANG_WARN_OBJC_ROOT_CLASS = YES_ERROR;
				CLANG_WARN_UNREACHABLE_CODE = YES;
				CLANG_WARN__DUPLICATE_METHOD_MATCH = YES;
				"CODE_SIGN_IDENTITY[sdk=iphoneos*]" = "iPhone Developer";
				COPY_PHASE_STRIP = NO;
				DEBUG_INFORMATION_FORMAT = "dwarf-with-dsym";
				ENABLE_NS_ASSERTIONS = NO;
				ENABLE_STRICT_OBJC_MSGSEND = YES;
				GCC_C_LANGUAGE_STANDARD = gnu99;
				GCC_NO_COMMON_BLOCKS = YES;
				GCC_WARN_64_TO_32_BIT_CONVERSION = YES;
				GCC_WARN_ABOUT_RETURN_TYPE = YES_ERROR;
				GCC_WARN_UNDECLARED_SELECTOR = YES;
				GCC_WARN_UNINITIALIZED_AUTOS = YES_AGGRESSIVE;
				GCC_WARN_UNUSED_FUNCTION = YES;
				GCC_WARN_UNUSED_VARIABLE = YES;
				IPHONEOS_DEPLOYMENT_TARGET = 9.1;
				MTL_ENABLE_DEBUG_INFO = NO;
				SDKROOT = iphoneos;
				VALIDATE_PRODUCT = YES;
			};
			name = Release;
		};
		D09A50B91C506566001BF17C /* Debug */ = {
			isa = XCBuildConfiguration;
			baseConfigurationReference = A8004663C96B60917B909E18 /* Pods-SimpleInstagram.debug.xcconfig */;
			buildSettings = {
				ASSETCATALOG_COMPILER_APPICON_NAME = AppIcon;
				INFOPLIST_FILE = SimpleInstagram/Info.plist;
				LD_RUNPATH_SEARCH_PATHS = "$(inherited) @executable_path/Frameworks";
				PRODUCT_BUNDLE_IDENTIFIER = com.sarn.SimpleInstagram;
				PRODUCT_NAME = "$(TARGET_NAME)";
			};
			name = Debug;
		};
		D09A50BA1C506566001BF17C /* Release */ = {
			isa = XCBuildConfiguration;
			baseConfigurationReference = 747223A53186ACC064D485F7 /* Pods-SimpleInstagram.release.xcconfig */;
			buildSettings = {
				ASSETCATALOG_COMPILER_APPICON_NAME = AppIcon;
				INFOPLIST_FILE = SimpleInstagram/Info.plist;
				LD_RUNPATH_SEARCH_PATHS = "$(inherited) @executable_path/Frameworks";
				PRODUCT_BUNDLE_IDENTIFIER = com.sarn.SimpleInstagram;
				PRODUCT_NAME = "$(TARGET_NAME)";
			};
			name = Release;
		};
/* End XCBuildConfiguration section */

/* Begin XCConfigurationList section */
		D09A50A11C506566001BF17C /* Build configuration list for PBXProject "SimpleInstagram" */ = {
			isa = XCConfigurationList;
			buildConfigurations = (
				D09A50B61C506566001BF17C /* Debug */,
				D09A50B71C506566001BF17C /* Release */,
			);
			defaultConfigurationIsVisible = 0;
			defaultConfigurationName = Release;
		};
		D09A50B81C506566001BF17C /* Build configuration list for PBXNativeTarget "SimpleInstagram" */ = {
			isa = XCConfigurationList;
			buildConfigurations = (
				D09A50B91C506566001BF17C /* Debug */,
				D09A50BA1C506566001BF17C /* Release */,
			);
			defaultConfigurationIsVisible = 0;
			defaultConfigurationName = Release;
		};
/* End XCConfigurationList section */
	};
	rootObject = D09A509E1C506566001BF17C /* Project object */;
}
