// !$*UTF8*$!
{
	archiveVersion = 1;
	classes = {
	};
	objectVersion = 46;
	objects = {

/* Begin PBXBuildFile section */
		D09A50AA1C506566001BF17C /* AppDelegate.swift in Sources */ = {isa = PBXBuildFile; fileRef = D09A50A91C506566001BF17C /* AppDelegate.swift */; };
		D09A50AC1C506566001BF17C /* ViewController.swift in Sources */ = {isa = PBXBuildFile; fileRef = D09A50AB1C506566001BF17C /* ViewController.swift */; };
		D09A50AF1C506566001BF17C /* Main.storyboard in Resources */ = {isa = PBXBuildFile; fileRef = D09A50AD1C506566001BF17C /* Main.storyboard */; };
		D09A50B11C506566001BF17C /* Assets.xcassets in Resources */ = {isa = PBXBuildFile; fileRef = D09A50B01C506566001BF17C /* Assets.xcassets */; };
		D09A50B41C506566001BF17C /* LaunchScreen.storyboard in Resources */ = {isa = PBXBuildFile; fileRef = D09A50B21C506566001BF17C /* LaunchScreen.storyboard */; };
/* End PBXBuildFile section */

/* Begin PBXFileReference section */
		D09A50A61C506566001BF17C /* SimpleInstagram.app */ = {isa = PBXFileReference; explicitFileType = wrapper.application; includeInIndex = 0; path = SimpleInstagram.app; sourceTree = BUILT_PRODUCTS_DIR; };
		D09A50A91C506566001BF17C /* AppDelegate.swift */ = {isa = PBXFileReference; lastKnownFileType = sourcecode.swift; path = AppDelegate.swift; sourceTree = "<group>"; };
		D09A50AB1C506566001BF17C /* ViewController.swift */ = {isa = PBXFileReference; lastKnownFileType = sourcecode.swift; path = ViewController.swift; sourceTree = "<group>"; };
		D09A50AE1C506566001BF17C /* Base */ = {isa = PBXFileReference; lastKnownFileType = file.storyboard; name = Base; path = Base.lproj/Main.storyboard; sourceTree = "<group>"; };
		D09A50B01C506566001BF17C /* Assets.xcassets */ = {isa = PBXFileReference; lastKnownFileType = folder.assetcatalog; path = Assets.xcassets; sourceTree = "<group>"; };
		D09A50B31C506566001BF17C /* Base */ = {isa = PBXFileReference; lastKnownFileType = file.storyboard; name = Base; path = Base.lproj/LaunchScreen.storyboard; sourceTree = "<group>"; };
		D09A50B51C506566001BF17C /* Info.plist */ = {isa = PBXFileReference; lastKnownFileType = text.plist.xml; path = Info.plist; sourceTree = "<group>"; };
/* End PBXFileReference section */

/* Begin PBXFrameworksBuildPhase section */
		D09A50A31C506566001BF17C /* Frameworks */ = {
			isa = PBXFrameworksBuildPhase;
			buildActionMask = 2147483647;
			files = (
			);
			runOnlyForDeploymentPostprocessing = 0;
		};
/* End PBXFrameworksBuildPhase section */

/* Begin PBXGroup section */
		D09A509D1C506566001BF17C = {
			isa = PBXGroup;
			children = (
				D09A50A81C506566001BF17C /* SimpleInstagram */,
				D09A50A71C506566001BF17C /* Products */,
			);
			sourceTree = "<group>";
		};
		D09A50A71C506566001BF17C /* Products */ = {
			isa = PBXGroup;
			children = (
				D09A50A61C506566001BF17C /* SimpleInstagram.app */,
			);
			name = Products;
			sourceTree = "<group>";
		};
		D09A50A81C506566001BF17C /* SimpleInstagram */ = {
			isa = PBXGroup;
			children = (
				D09A50A91C506566001BF17C /* AppDelegate.swift */,
				D09A50AB1C506566001BF17C /* ViewController.swift */,
				D09A50AD1C506566001BF17C /* Main.storyboard */,
				D09A50B01C506566001BF17C /* Assets.xcassets */,
				D09A50B21C506566001BF17C /* LaunchScreen.storyboard */,
				D09A50B51C506566001BF17C /* Info.plist */,
			);
			path = SimpleInstagram;
			sourceTree = "<group>";
		};
/* End PBXGroup section */

/* Begin PBXNativeTarget section */
		D09A50A51C506566001BF17C /* SimpleInstagram */ = {
			isa = PBXNativeTarget;
			buildConfigurationList = D09A50B81C506566001BF17C /* Build configuration list for PBXNativeTarget "SimpleInstagram" */;
			buildPhases = (
				D09A50A21C506566001BF17C /* Sources */,
				D09A50A31C506566001BF17C /* Frameworks */,
				D09A50A41C506566001BF17C /* Resources */,
			);
			buildRules = (
			);
			dependencies = (
			);
			name = SimpleInstagram;
			productName = SimpleInstagram;
			productReference = D09A50A61C506566001BF17C /* SimpleInstagram.app */;
			productType = "com.apple.product-type.application";
		};
/* End PBXNativeTarget section */

/* Begin PBXProject section */
		D09A509E1C506566001BF17C /* Project object */ = {
			isa = PBXProject;
			attributes = {
				LastSwiftUpdateCheck = 0710;
				LastUpgradeCheck = 0710;
				ORGANIZATIONNAME = Sarn;
				TargetAttributes = {
					D09A50A51C506566001BF17C = {
						CreatedOnToolsVersion = 7.1.1;
						DevelopmentTeam = D2PLL9RKF8;
					};
				};
			};
			buildConfigurationList = D09A50A11C506566001BF17C /* Build configuration list for PBXProject "SimpleInstagram" */;
			compatibilityVersion = "Xcode 3.2";
			developmentRegion = English;
			hasScannedForEncodings = 0;
			knownRegions = (
				en,
				Base,
			);
			mainGroup = D09A509D1C506566001BF17C;
			productRefGroup = D09A50A71C506566001BF17C /* Products */;
			projectDirPath = "";
			projectRoot = "";
			targets = (
				D09A50A51C506566001BF17C /* SimpleInstagram */,
			);
		};
/* End PBXProject section */

/* Begin PBXResourcesBuildPhase section */
		D09A50A41C506566001BF17C /* Resources */ = {
			isa = PBXResourcesBuildPhase;
			buildActionMask = 2147483647;
			files = (
				D09A50B41C506566001BF17C /* LaunchScreen.storyboard in Resources */,
				D09A50B11C506566001BF17C /* Assets.xcassets in Resources */,
				D09A50AF1C506566001BF17C /* Main.storyboard in Resources */,
			);
			runOnlyForDeploymentPostprocessing = 0;
		};
/* End PBXResourcesBuildPhase section */

/* Begin PBXSourcesBuildPhase section */
		D09A50A21C506566001BF17C /* Sources */ = {
			isa = PBXSourcesBuildPhase;
			buildActionMask = 2147483647;
			files = (
				D09A50AC1C506566001BF17C /* ViewController.swift in Sources */,
				D09A50AA1C506566001BF17C /* AppDelegate.swift in Sources */,
			);
			runOnlyForDeploymentPostprocessing = 0;
		};
/* End PBXSourcesBuildPhase section */

/* Begin PBXVariantGroup section */
		D09A50AD1C506566001BF17C /* Main.storyboard */ = {
			isa = PBXVariantGroup;
			children = (
				D09A50AE1C506566001BF17C /* Base */,
			);
			name = Main.storyboard;
			sourceTree = "<group>";
		};
		D09A50B21C506566001BF17C /* LaunchScreen.storyboard */ = {
			isa = PBXVariantGroup;
			children = (
				D09A50B31C506566001BF17C /* Base */,
			);
			name = LaunchScreen.storyboard;
			sourceTree = "<group>";
		};
/* End PBXVariantGroup section */

/* Begin XCBuildConfiguration section */
		D09A50B61C506566001BF17C /* Debug */ = {
			isa = XCBuildConfiguration;
			buildSettings = {
				ALWAYS_SEARCH_USER_PATHS = NO;
				CLANG_CXX_LANGUAGE_STANDARD = "gnu++0x";
				CLANG_CXX_LIBRARY = "libc++";
				CLANG_ENABLE_MODULES = YES;
				CLANG_ENABLE_OBJC_ARC = YES;
				CLANG_WARN_BOOL_CONVERSION = YES;
				CLANG_WARN_CONSTANT_CONVERSION = YES;
				CLANG_WARN_DIRECT_OBJC_ISA_USAGE = YES_ERROR;
				CLANG_WARN_EMPTY_BODY = YES;
				CLANG_WARN_ENUM_CONVERSION = YES;
				CLANG_WARN_INT_CONVERSION = YES;
				CLANG_WARN_OBJC_ROOT_CLASS = YES_ERROR;
				CLANG_WARN_UNREACHABLE_CODE = YES;
				CLANG_WARN__DUPLICATE_METHOD_MATCH = YES;
				"CODE_SIGN_IDENTITY[sdk=iphoneos*]" = "iPhone Developer";
				COPY_PHASE_STRIP = NO;
				DEBUG_INFORMATION_FORMAT = dwarf;
				ENABLE_STRICT_OBJC_MSGSEND = YES;
				ENABLE_TESTABILITY = YES;
				GCC_C_LANGUAGE_STANDARD = gnu99;
				GCC_DYNAMIC_NO_PIC = NO;
				GCC_NO_COMMON_BLOCKS = YES;
				GCC_OPTIMIZATION_LEVEL = 0;
				GCC_PREPROCESSOR_DEFINITIONS = (
					"DEBUG=1",
					"$(inherited)",
				);
				GCC_WARN_64_TO_32_BIT_CONVERSION = YES;
				GCC_WARN_ABOUT_RETURN_TYPE = YES_ERROR;
				GCC_WARN_UNDECLARED_SELECTOR = YES;
				GCC_WARN_UNINITIALIZED_AUTOS = YES_AGGRESSIVE;
				GCC_WARN_UNUSED_FUNCTION = YES;
				GCC_WARN_UNUSED_VARIABLE = YES;
				IPHONEOS_DEPLOYMENT_TARGET = 9.1;
				MTL_ENABLE_DEBUG_INFO = YES;
				ONLY_ACTIVE_ARCH = YES;
				SDKROOT = iphoneos;
				SWIFT_OPTIMIZATION_LEVEL = "-Onone";
			};
			name = Debug;
		};
		D09A50B71C506566001BF17C /* Release */ = {
			isa = XCBuildConfiguration;
			buildSettings = {
				ALWAYS_SEARCH_USER_PATHS = NO;
				CLANG_CXX_LANGUAGE_STANDARD = "gnu++0x";
				CLANG_CXX_LIBRARY = "libc++";
				CLANG_ENABLE_MODULES = YES;
				CLANG_ENABLE_OBJC_ARC = YES;
				CLANG_WARN_BOOL_CONVERSION = YES;
				CLANG_WARN_CONSTANT_CONVERSION = YES;
				CLANG_WARN_DIRECT_OBJC_ISA_USAGE = YES_ERROR;
				CLANG_WARN_EMPTY_BODY = YES;
				CLANG_WARN_ENUM_CONVERSION = YES;
				CLANG_WARN_INT_CONVERSION = YES;
				CLANG_WARN_OBJC_ROOT_CLASS = YES_ERROR;
				CLANG_WARN_UNREACHABLE_CODE = YES;
				CLANG_WARN__DUPLICATE_METHOD_MATCH = YES;
				"CODE_SIGN_IDENTITY[sdk=iphoneos*]" = "iPhone Developer";
				COPY_PHASE_STRIP = NO;
				DEBUG_INFORMATION_FORMAT = "dwarf-with-dsym";
				ENABLE_NS_ASSERTIONS = NO;
				ENABLE_STRICT_OBJC_MSGSEND = YES;
				GCC_C_LANGUAGE_STANDARD = gnu99;
				GCC_NO_COMMON_BLOCKS = YES;
				GCC_WARN_64_TO_32_BIT_CONVERSION = YES;
				GCC_WARN_ABOUT_RETURN_TYPE = YES_ERROR;
				GCC_WARN_UNDECLARED_SELECTOR = YES;
				GCC_WARN_UNINITIALIZED_AUTOS = YES_AGGRESSIVE;
				GCC_WARN_UNUSED_FUNCTION = YES;
				GCC_WARN_UNUSED_VARIABLE = YES;
				IPHONEOS_DEPLOYMENT_TARGET = 9.1;
				MTL_ENABLE_DEBUG_INFO = NO;
				SDKROOT = iphoneos;
				VALIDATE_PRODUCT = YES;
			};
			name = Release;
		};
		D09A50B91C506566001BF17C /* Debug */ = {
			isa = XCBuildConfiguration;
			buildSettings = {
				ASSETCATALOG_COMPILER_APPICON_NAME = AppIcon;
				INFOPLIST_FILE = SimpleInstagram/Info.plist;
				LD_RUNPATH_SEARCH_PATHS = "$(inherited) @executable_path/Frameworks";
				PRODUCT_BUNDLE_IDENTIFIER = com.sarn.SimpleInstagram;
				PRODUCT_NAME = "$(TARGET_NAME)";
			};
			name = Debug;
		};
		D09A50BA1C506566001BF17C /* Release */ = {
			isa = XCBuildConfiguration;
			buildSettings = {
				ASSETCATALOG_COMPILER_APPICON_NAME = AppIcon;
				INFOPLIST_FILE = SimpleInstagram/Info.plist;
				LD_RUNPATH_SEARCH_PATHS = "$(inherited) @executable_path/Frameworks";
				PRODUCT_BUNDLE_IDENTIFIER = com.sarn.SimpleInstagram;
				PRODUCT_NAME = "$(TARGET_NAME)";
			};
			name = Release;
		};
/* End XCBuildConfiguration section */

/* Begin XCConfigurationList section */
		D09A50A11C506566001BF17C /* Build configuration list for PBXProject "SimpleInstagram" */ = {
			isa = XCConfigurationList;
			buildConfigurations = (
				D09A50B61C506566001BF17C /* Debug */,
				D09A50B71C506566001BF17C /* Release */,
			);
			defaultConfigurationIsVisible = 0;
			defaultConfigurationName = Release;
		};
		D09A50B81C506566001BF17C /* Build configuration list for PBXNativeTarget "SimpleInstagram" */ = {
			isa = XCConfigurationList;
			buildConfigurations = (
				D09A50B91C506566001BF17C /* Debug */,
				D09A50BA1C506566001BF17C /* Release */,
			);
			defaultConfigurationIsVisible = 0;
		};
/* End XCConfigurationList section */
	};
	rootObject = D09A509E1C506566001BF17C /* Project object */;
}
